// !$*UTF8*$!
{
	archiveVersion = 1;
	classes = {
	};
	objectVersion = 56;
	objects = {

/* Begin PBXBuildFile section */
		5918C8482B36FAF900A7748E /* Swift_UI_ChallengeApp.swift in Sources */ = {isa = PBXBuildFile; fileRef = 5918C8472B36FAF900A7748E /* Swift_UI_ChallengeApp.swift */; };
		5918C84A2B36FAF900A7748E /* ContentView.swift in Sources */ = {isa = PBXBuildFile; fileRef = 5918C8492B36FAF900A7748E /* ContentView.swift */; };
		5918C84C2B36FAFB00A7748E /* Assets.xcassets in Resources */ = {isa = PBXBuildFile; fileRef = 5918C84B2B36FAFB00A7748E /* Assets.xcassets */; };
		5918C84F2B36FAFB00A7748E /* Preview Assets.xcassets in Resources */ = {isa = PBXBuildFile; fileRef = 5918C84E2B36FAFB00A7748E /* Preview Assets.xcassets */; };
		5918C8592B36FAFB00A7748E /* Swift_UI_ChallengeTests.swift in Sources */ = {isa = PBXBuildFile; fileRef = 5918C8582B36FAFB00A7748E /* Swift_UI_ChallengeTests.swift */; };
		5918C8632B36FAFB00A7748E /* Swift_UI_ChallengeUITests.swift in Sources */ = {isa = PBXBuildFile; fileRef = 5918C8622B36FAFB00A7748E /* Swift_UI_ChallengeUITests.swift */; };
		5918C8652B36FAFB00A7748E /* Swift_UI_ChallengeUITestsLaunchTests.swift in Sources */ = {isa = PBXBuildFile; fileRef = 5918C8642B36FAFB00A7748E /* Swift_UI_ChallengeUITestsLaunchTests.swift */; };
		59525A552B37C1D000FFD278 /* HelloSpeakBuddy.swift in Sources */ = {isa = PBXBuildFile; fileRef = 59525A542B37C1D000FFD278 /* HelloSpeakBuddy.swift */; };
		59525A572B37DB5200FFD278 /* GradientBg.swift in Sources */ = {isa = PBXBuildFile; fileRef = 59525A562B37DB5200FFD278 /* GradientBg.swift */; };
/* End PBXBuildFile section */

/* Begin PBXContainerItemProxy section */
		5918C8552B36FAFB00A7748E /* PBXContainerItemProxy */ = {
			isa = PBXContainerItemProxy;
			containerPortal = 5918C83C2B36FAF900A7748E /* Project object */;
			proxyType = 1;
			remoteGlobalIDString = 5918C8432B36FAF900A7748E;
			remoteInfo = "Swift UI Challenge";
		};
		5918C85F2B36FAFB00A7748E /* PBXContainerItemProxy */ = {
			isa = PBXContainerItemProxy;
			containerPortal = 5918C83C2B36FAF900A7748E /* Project object */;
			proxyType = 1;
			remoteGlobalIDString = 5918C8432B36FAF900A7748E;
			remoteInfo = "Swift UI Challenge";
		};
/* End PBXContainerItemProxy section */

/* Begin PBXFileReference section */
		5918C8442B36FAF900A7748E /* Swift UI Challenge.app */ = {isa = PBXFileReference; explicitFileType = wrapper.application; includeInIndex = 0; path = "Swift UI Challenge.app"; sourceTree = BUILT_PRODUCTS_DIR; };
		5918C8472B36FAF900A7748E /* Swift_UI_ChallengeApp.swift */ = {isa = PBXFileReference; lastKnownFileType = sourcecode.swift; path = Swift_UI_ChallengeApp.swift; sourceTree = "<group>"; };
		5918C8492B36FAF900A7748E /* ContentView.swift */ = {isa = PBXFileReference; lastKnownFileType = sourcecode.swift; path = ContentView.swift; sourceTree = "<group>"; };
		5918C84B2B36FAFB00A7748E /* Assets.xcassets */ = {isa = PBXFileReference; lastKnownFileType = folder.assetcatalog; path = Assets.xcassets; sourceTree = "<group>"; };
		5918C84E2B36FAFB00A7748E /* Preview Assets.xcassets */ = {isa = PBXFileReference; lastKnownFileType = folder.assetcatalog; path = "Preview Assets.xcassets"; sourceTree = "<group>"; };
		5918C8542B36FAFB00A7748E /* Swift UI ChallengeTests.xctest */ = {isa = PBXFileReference; explicitFileType = wrapper.cfbundle; includeInIndex = 0; path = "Swift UI ChallengeTests.xctest"; sourceTree = BUILT_PRODUCTS_DIR; };
		5918C8582B36FAFB00A7748E /* Swift_UI_ChallengeTests.swift */ = {isa = PBXFileReference; lastKnownFileType = sourcecode.swift; path = Swift_UI_ChallengeTests.swift; sourceTree = "<group>"; };
		5918C85E2B36FAFB00A7748E /* Swift UI ChallengeUITests.xctest */ = {isa = PBXFileReference; explicitFileType = wrapper.cfbundle; includeInIndex = 0; path = "Swift UI ChallengeUITests.xctest"; sourceTree = BUILT_PRODUCTS_DIR; };
		5918C8622B36FAFB00A7748E /* Swift_UI_ChallengeUITests.swift */ = {isa = PBXFileReference; lastKnownFileType = sourcecode.swift; path = Swift_UI_ChallengeUITests.swift; sourceTree = "<group>"; };
		5918C8642B36FAFB00A7748E /* Swift_UI_ChallengeUITestsLaunchTests.swift */ = {isa = PBXFileReference; lastKnownFileType = sourcecode.swift; path = Swift_UI_ChallengeUITestsLaunchTests.swift; sourceTree = "<group>"; };
		59525A542B37C1D000FFD278 /* HelloSpeakBuddy.swift */ = {isa = PBXFileReference; lastKnownFileType = sourcecode.swift; path = HelloSpeakBuddy.swift; sourceTree = "<group>"; };
		59525A562B37DB5200FFD278 /* GradientBg.swift */ = {isa = PBXFileReference; lastKnownFileType = sourcecode.swift; path = GradientBg.swift; sourceTree = "<group>"; };
/* End PBXFileReference section */

/* Begin PBXFrameworksBuildPhase section */
		5918C8412B36FAF900A7748E /* Frameworks */ = {
			isa = PBXFrameworksBuildPhase;
			buildActionMask = 2147483647;
			files = (
			);
			runOnlyForDeploymentPostprocessing = 0;
		};
		5918C8512B36FAFB00A7748E /* Frameworks */ = {
			isa = PBXFrameworksBuildPhase;
			buildActionMask = 2147483647;
			files = (
			);
			runOnlyForDeploymentPostprocessing = 0;
		};
		5918C85B2B36FAFB00A7748E /* Frameworks */ = {
			isa = PBXFrameworksBuildPhase;
			buildActionMask = 2147483647;
			files = (
			);
			runOnlyForDeploymentPostprocessing = 0;
		};
/* End PBXFrameworksBuildPhase section */

/* Begin PBXGroup section */
		5918C83B2B36FAF900A7748E = {
			isa = PBXGroup;
			children = (
				5918C8462B36FAF900A7748E /* Swift UI Challenge */,
				5918C8572B36FAFB00A7748E /* Swift UI ChallengeTests */,
				5918C8612B36FAFB00A7748E /* Swift UI ChallengeUITests */,
				5918C8452B36FAF900A7748E /* Products */,
			);
			sourceTree = "<group>";
		};
		5918C8452B36FAF900A7748E /* Products */ = {
			isa = PBXGroup;
			children = (
				5918C8442B36FAF900A7748E /* Swift UI Challenge.app */,
				5918C8542B36FAFB00A7748E /* Swift UI ChallengeTests.xctest */,
				5918C85E2B36FAFB00A7748E /* Swift UI ChallengeUITests.xctest */,
			);
			name = Products;
			sourceTree = "<group>";
		};
		5918C8462B36FAF900A7748E /* Swift UI Challenge */ = {
			isa = PBXGroup;
			children = (
				5918C8472B36FAF900A7748E /* Swift_UI_ChallengeApp.swift */,
				5918C8492B36FAF900A7748E /* ContentView.swift */,
				5918C84B2B36FAFB00A7748E /* Assets.xcassets */,
				5918C84D2B36FAFB00A7748E /* Preview Content */,
				59525A542B37C1D000FFD278 /* HelloSpeakBuddy.swift */,
				59525A562B37DB5200FFD278 /* GradientBg.swift */,
			);
			path = "Swift UI Challenge";
			sourceTree = "<group>";
		};
		5918C84D2B36FAFB00A7748E /* Preview Content */ = {
			isa = PBXGroup;
			children = (
				5918C84E2B36FAFB00A7748E /* Preview Assets.xcassets */,
			);
			path = "Preview Content";
			sourceTree = "<group>";
		};
		5918C8572B36FAFB00A7748E /* Swift UI ChallengeTests */ = {
			isa = PBXGroup;
			children = (
				5918C8582B36FAFB00A7748E /* Swift_UI_ChallengeTests.swift */,
			);
			path = "Swift UI ChallengeTests";
			sourceTree = "<group>";
		};
		5918C8612B36FAFB00A7748E /* Swift UI ChallengeUITests */ = {
			isa = PBXGroup;
			children = (
				5918C8622B36FAFB00A7748E /* Swift_UI_ChallengeUITests.swift */,
				5918C8642B36FAFB00A7748E /* Swift_UI_ChallengeUITestsLaunchTests.swift */,
			);
			path = "Swift UI ChallengeUITests";
			sourceTree = "<group>";
		};
/* End PBXGroup section */

/* Begin PBXNativeTarget section */
		5918C8432B36FAF900A7748E /* Swift UI Challenge */ = {
			isa = PBXNativeTarget;
			buildConfigurationList = 5918C8682B36FAFB00A7748E /* Build configuration list for PBXNativeTarget "Swift UI Challenge" */;
			buildPhases = (
				5918C8402B36FAF900A7748E /* Sources */,
				5918C8412B36FAF900A7748E /* Frameworks */,
				5918C8422B36FAF900A7748E /* Resources */,
			);
			buildRules = (
			);
			dependencies = (
			);
			name = "Swift UI Challenge";
			productName = "Swift UI Challenge";
			productReference = 5918C8442B36FAF900A7748E /* Swift UI Challenge.app */;
			productType = "com.apple.product-type.application";
		};
		5918C8532B36FAFB00A7748E /* Swift UI ChallengeTests */ = {
			isa = PBXNativeTarget;
			buildConfigurationList = 5918C86B2B36FAFB00A7748E /* Build configuration list for PBXNativeTarget "Swift UI ChallengeTests" */;
			buildPhases = (
				5918C8502B36FAFB00A7748E /* Sources */,
				5918C8512B36FAFB00A7748E /* Frameworks */,
				5918C8522B36FAFB00A7748E /* Resources */,
			);
			buildRules = (
			);
			dependencies = (
				5918C8562B36FAFB00A7748E /* PBXTargetDependency */,
			);
			name = "Swift UI ChallengeTests";
			productName = "Swift UI ChallengeTests";
			productReference = 5918C8542B36FAFB00A7748E /* Swift UI ChallengeTests.xctest */;
			productType = "com.apple.product-type.bundle.unit-test";
		};
		5918C85D2B36FAFB00A7748E /* Swift UI ChallengeUITests */ = {
			isa = PBXNativeTarget;
			buildConfigurationList = 5918C86E2B36FAFB00A7748E /* Build configuration list for PBXNativeTarget "Swift UI ChallengeUITests" */;
			buildPhases = (
				5918C85A2B36FAFB00A7748E /* Sources */,
				5918C85B2B36FAFB00A7748E /* Frameworks */,
				5918C85C2B36FAFB00A7748E /* Resources */,
			);
			buildRules = (
			);
			dependencies = (
				5918C8602B36FAFB00A7748E /* PBXTargetDependency */,
			);
			name = "Swift UI ChallengeUITests";
			productName = "Swift UI ChallengeUITests";
			productReference = 5918C85E2B36FAFB00A7748E /* Swift UI ChallengeUITests.xctest */;
			productType = "com.apple.product-type.bundle.ui-testing";
		};
/* End PBXNativeTarget section */

/* Begin PBXProject section */
		5918C83C2B36FAF900A7748E /* Project object */ = {
			isa = PBXProject;
			attributes = {
				BuildIndependentTargetsInParallel = 1;
				LastSwiftUpdateCheck = 1500;
				LastUpgradeCheck = 1500;
				TargetAttributes = {
					5918C8432B36FAF900A7748E = {
						CreatedOnToolsVersion = 15.0;
					};
					5918C8532B36FAFB00A7748E = {
						CreatedOnToolsVersion = 15.0;
						TestTargetID = 5918C8432B36FAF900A7748E;
					};
					5918C85D2B36FAFB00A7748E = {
						CreatedOnToolsVersion = 15.0;
						TestTargetID = 5918C8432B36FAF900A7748E;
					};
				};
			};
			buildConfigurationList = 5918C83F2B36FAF900A7748E /* Build configuration list for PBXProject "Swift UI Challenge" */;
			compatibilityVersion = "Xcode 14.0";
			developmentRegion = en;
			hasScannedForEncodings = 0;
			knownRegions = (
				en,
				Base,
			);
			mainGroup = 5918C83B2B36FAF900A7748E;
			productRefGroup = 5918C8452B36FAF900A7748E /* Products */;
			projectDirPath = "";
			projectRoot = "";
			targets = (
				5918C8432B36FAF900A7748E /* Swift UI Challenge */,
				5918C8532B36FAFB00A7748E /* Swift UI ChallengeTests */,
				5918C85D2B36FAFB00A7748E /* Swift UI ChallengeUITests */,
			);
		};
/* End PBXProject section */

/* Begin PBXResourcesBuildPhase section */
		5918C8422B36FAF900A7748E /* Resources */ = {
			isa = PBXResourcesBuildPhase;
			buildActionMask = 2147483647;
			files = (
				5918C84F2B36FAFB00A7748E /* Preview Assets.xcassets in Resources */,
				5918C84C2B36FAFB00A7748E /* Assets.xcassets in Resources */,
			);
			runOnlyForDeploymentPostprocessing = 0;
		};
		5918C8522B36FAFB00A7748E /* Resources */ = {
			isa = PBXResourcesBuildPhase;
			buildActionMask = 2147483647;
			files = (
			);
			runOnlyForDeploymentPostprocessing = 0;
		};
		5918C85C2B36FAFB00A7748E /* Resources */ = {
			isa = PBXResourcesBuildPhase;
			buildActionMask = 2147483647;
			files = (
			);
			runOnlyForDeploymentPostprocessing = 0;
		};
/* End PBXResourcesBuildPhase section */

/* Begin PBXSourcesBuildPhase section */
		5918C8402B36FAF900A7748E /* Sources */ = {
			isa = PBXSourcesBuildPhase;
			buildActionMask = 2147483647;
			files = (
				59525A552B37C1D000FFD278 /* HelloSpeakBuddy.swift in Sources */,
				5918C84A2B36FAF900A7748E /* ContentView.swift in Sources */,
				59525A572B37DB5200FFD278 /* GradientBg.swift in Sources */,
				5918C8482B36FAF900A7748E /* Swift_UI_ChallengeApp.swift in Sources */,
			);
			runOnlyForDeploymentPostprocessing = 0;
		};
		5918C8502B36FAFB00A7748E /* Sources */ = {
			isa = PBXSourcesBuildPhase;
			buildActionMask = 2147483647;
			files = (
				5918C8592B36FAFB00A7748E /* Swift_UI_ChallengeTests.swift in Sources */,
			);
			runOnlyForDeploymentPostprocessing = 0;
		};
		5918C85A2B36FAFB00A7748E /* Sources */ = {
			isa = PBXSourcesBuildPhase;
			buildActionMask = 2147483647;
			files = (
				5918C8652B36FAFB00A7748E /* Swift_UI_ChallengeUITestsLaunchTests.swift in Sources */,
				5918C8632B36FAFB00A7748E /* Swift_UI_ChallengeUITests.swift in Sources */,
			);
			runOnlyForDeploymentPostprocessing = 0;
		};
/* End PBXSourcesBuildPhase section */

/* Begin PBXTargetDependency section */
		5918C8562B36FAFB00A7748E /* PBXTargetDependency */ = {
			isa = PBXTargetDependency;
			target = 5918C8432B36FAF900A7748E /* Swift UI Challenge */;
			targetProxy = 5918C8552B36FAFB00A7748E /* PBXContainerItemProxy */;
		};
		5918C8602B36FAFB00A7748E /* PBXTargetDependency */ = {
			isa = PBXTargetDependency;
			target = 5918C8432B36FAF900A7748E /* Swift UI Challenge */;
			targetProxy = 5918C85F2B36FAFB00A7748E /* PBXContainerItemProxy */;
		};
/* End PBXTargetDependency section */

/* Begin XCBuildConfiguration section */
		5918C8662B36FAFB00A7748E /* Debug */ = {
			isa = XCBuildConfiguration;
			buildSettings = {
				ALWAYS_SEARCH_USER_PATHS = NO;
				ASSETCATALOG_COMPILER_GENERATE_SWIFT_ASSET_SYMBOL_EXTENSIONS = YES;
				CLANG_ANALYZER_NONNULL = YES;
				CLANG_ANALYZER_NUMBER_OBJECT_CONVERSION = YES_AGGRESSIVE;
				CLANG_CXX_LANGUAGE_STANDARD = "gnu++20";
				CLANG_ENABLE_MODULES = YES;
				CLANG_ENABLE_OBJC_ARC = YES;
				CLANG_ENABLE_OBJC_WEAK = YES;
				CLANG_WARN_BLOCK_CAPTURE_AUTORELEASING = YES;
				CLANG_WARN_BOOL_CONVERSION = YES;
				CLANG_WARN_COMMA = YES;
				CLANG_WARN_CONSTANT_CONVERSION = YES;
				CLANG_WARN_DEPRECATED_OBJC_IMPLEMENTATIONS = YES;
				CLANG_WARN_DIRECT_OBJC_ISA_USAGE = YES_ERROR;
				CLANG_WARN_DOCUMENTATION_COMMENTS = YES;
				CLANG_WARN_EMPTY_BODY = YES;
				CLANG_WARN_ENUM_CONVERSION = YES;
				CLANG_WARN_INFINITE_RECURSION = YES;
				CLANG_WARN_INT_CONVERSION = YES;
				CLANG_WARN_NON_LITERAL_NULL_CONVERSION = YES;
				CLANG_WARN_OBJC_IMPLICIT_RETAIN_SELF = YES;
				CLANG_WARN_OBJC_LITERAL_CONVERSION = YES;
				CLANG_WARN_OBJC_ROOT_CLASS = YES_ERROR;
				CLANG_WARN_QUOTED_INCLUDE_IN_FRAMEWORK_HEADER = YES;
				CLANG_WARN_RANGE_LOOP_ANALYSIS = YES;
				CLANG_WARN_STRICT_PROTOTYPES = YES;
				CLANG_WARN_SUSPICIOUS_MOVE = YES;
				CLANG_WARN_UNGUARDED_AVAILABILITY = YES_AGGRESSIVE;
				CLANG_WARN_UNREACHABLE_CODE = YES;
				CLANG_WARN__DUPLICATE_METHOD_MATCH = YES;
				COPY_PHASE_STRIP = NO;
				DEBUG_INFORMATION_FORMAT = dwarf;
				ENABLE_STRICT_OBJC_MSGSEND = YES;
				ENABLE_TESTABILITY = YES;
				ENABLE_USER_SCRIPT_SANDBOXING = YES;
				GCC_C_LANGUAGE_STANDARD = gnu17;
				GCC_DYNAMIC_NO_PIC = NO;
				GCC_NO_COMMON_BLOCKS = YES;
				GCC_OPTIMIZATION_LEVEL = 0;
				GCC_PREPROCESSOR_DEFINITIONS = (
					"DEBUG=1",
					"$(inherited)",
				);
				GCC_WARN_64_TO_32_BIT_CONVERSION = YES;
				GCC_WARN_ABOUT_RETURN_TYPE = YES_ERROR;
				GCC_WARN_UNDECLARED_SELECTOR = YES;
				GCC_WARN_UNINITIALIZED_AUTOS = YES_AGGRESSIVE;
				GCC_WARN_UNUSED_FUNCTION = YES;
				GCC_WARN_UNUSED_VARIABLE = YES;
				IPHONEOS_DEPLOYMENT_TARGET = 17.0;
				LOCALIZATION_PREFERS_STRING_CATALOGS = YES;
				MTL_ENABLE_DEBUG_INFO = INCLUDE_SOURCE;
				MTL_FAST_MATH = YES;
				ONLY_ACTIVE_ARCH = YES;
				SDKROOT = iphoneos;
				SWIFT_ACTIVE_COMPILATION_CONDITIONS = "DEBUG $(inherited)";
				SWIFT_OPTIMIZATION_LEVEL = "-Onone";
			};
			name = Debug;
		};
		5918C8672B36FAFB00A7748E /* Release */ = {
			isa = XCBuildConfiguration;
			buildSettings = {
				ALWAYS_SEARCH_USER_PATHS = NO;
				ASSETCATALOG_COMPILER_GENERATE_SWIFT_ASSET_SYMBOL_EXTENSIONS = YES;
				CLANG_ANALYZER_NONNULL = YES;
				CLANG_ANALYZER_NUMBER_OBJECT_CONVERSION = YES_AGGRESSIVE;
				CLANG_CXX_LANGUAGE_STANDARD = "gnu++20";
				CLANG_ENABLE_MODULES = YES;
				CLANG_ENABLE_OBJC_ARC = YES;
				CLANG_ENABLE_OBJC_WEAK = YES;
				CLANG_WARN_BLOCK_CAPTURE_AUTORELEASING = YES;
				CLANG_WARN_BOOL_CONVERSION = YES;
				CLANG_WARN_COMMA = YES;
				CLANG_WARN_CONSTANT_CONVERSION = YES;
				CLANG_WARN_DEPRECATED_OBJC_IMPLEMENTATIONS = YES;
				CLANG_WARN_DIRECT_OBJC_ISA_USAGE = YES_ERROR;
				CLANG_WARN_DOCUMENTATION_COMMENTS = YES;
				CLANG_WARN_EMPTY_BODY = YES;
				CLANG_WARN_ENUM_CONVERSION = YES;
				CLANG_WARN_INFINITE_RECURSION = YES;
				CLANG_WARN_INT_CONVERSION = YES;
				CLANG_WARN_NON_LITERAL_NULL_CONVERSION = YES;
				CLANG_WARN_OBJC_IMPLICIT_RETAIN_SELF = YES;
				CLANG_WARN_OBJC_LITERAL_CONVERSION = YES;
				CLANG_WARN_OBJC_ROOT_CLASS = YES_ERROR;
				CLANG_WARN_QUOTED_INCLUDE_IN_FRAMEWORK_HEADER = YES;
				CLANG_WARN_RANGE_LOOP_ANALYSIS = YES;
				CLANG_WARN_STRICT_PROTOTYPES = YES;
				CLANG_WARN_SUSPICIOUS_MOVE = YES;
				CLANG_WARN_UNGUARDED_AVAILABILITY = YES_AGGRESSIVE;
				CLANG_WARN_UNREACHABLE_CODE = YES;
				CLANG_WARN__DUPLICATE_METHOD_MATCH = YES;
				COPY_PHASE_STRIP = NO;
				DEBUG_INFORMATION_FORMAT = "dwarf-with-dsym";
				ENABLE_NS_ASSERTIONS = NO;
				ENABLE_STRICT_OBJC_MSGSEND = YES;
				ENABLE_USER_SCRIPT_SANDBOXING = YES;
				GCC_C_LANGUAGE_STANDARD = gnu17;
				GCC_NO_COMMON_BLOCKS = YES;
				GCC_WARN_64_TO_32_BIT_CONVERSION = YES;
				GCC_WARN_ABOUT_RETURN_TYPE = YES_ERROR;
				GCC_WARN_UNDECLARED_SELECTOR = YES;
				GCC_WARN_UNINITIALIZED_AUTOS = YES_AGGRESSIVE;
				GCC_WARN_UNUSED_FUNCTION = YES;
				GCC_WARN_UNUSED_VARIABLE = YES;
				IPHONEOS_DEPLOYMENT_TARGET = 17.0;
				LOCALIZATION_PREFERS_STRING_CATALOGS = YES;
				MTL_ENABLE_DEBUG_INFO = NO;
				MTL_FAST_MATH = YES;
				SDKROOT = iphoneos;
				SWIFT_COMPILATION_MODE = wholemodule;
				VALIDATE_PRODUCT = YES;
			};
			name = Release;
		};
		5918C8692B36FAFB00A7748E /* Debug */ = {
			isa = XCBuildConfiguration;
			buildSettings = {
				ASSETCATALOG_COMPILER_APPICON_NAME = AppIcon;
				ASSETCATALOG_COMPILER_GLOBAL_ACCENT_COLOR_NAME = AccentColor;
				CODE_SIGN_STYLE = Automatic;
				CURRENT_PROJECT_VERSION = 1;
				DEVELOPMENT_ASSET_PATHS = "\"Swift UI Challenge/Preview Content\"";
				DEVELOPMENT_TEAM = 994DSXFYT6;
				ENABLE_PREVIEWS = YES;
				GENERATE_INFOPLIST_FILE = YES;
				INFOPLIST_KEY_UIApplicationSceneManifest_Generation = YES;
				INFOPLIST_KEY_UIApplicationSupportsIndirectInputEvents = YES;
				INFOPLIST_KEY_UILaunchScreen_Generation = YES;
				INFOPLIST_KEY_UISupportedInterfaceOrientations_iPad = "UIInterfaceOrientationPortrait UIInterfaceOrientationPortraitUpsideDown UIInterfaceOrientationLandscapeLeft UIInterfaceOrientationLandscapeRight";
				INFOPLIST_KEY_UISupportedInterfaceOrientations_iPhone = "UIInterfaceOrientationPortrait UIInterfaceOrientationLandscapeLeft UIInterfaceOrientationLandscapeRight";
				LD_RUNPATH_SEARCH_PATHS = (
					"$(inherited)",
					"@executable_path/Frameworks",
				);
				MARKETING_VERSION = 1.0;
				PRODUCT_BUNDLE_IDENTIFIER = "com.hello-speak-buddy.Swift-UI-Challenge";
				PRODUCT_NAME = "$(TARGET_NAME)";
				SWIFT_EMIT_LOC_STRINGS = YES;
				SWIFT_VERSION = 5.0;
				TARGETED_DEVICE_FAMILY = "1,2";
			};
			name = Debug;
		};
		5918C86A2B36FAFB00A7748E /* Release */ = {
			isa = XCBuildConfiguration;
			buildSettings = {
				ASSETCATALOG_COMPILER_APPICON_NAME = AppIcon;
				ASSETCATALOG_COMPILER_GLOBAL_ACCENT_COLOR_NAME = AccentColor;
				CODE_SIGN_STYLE = Automatic;
				CURRENT_PROJECT_VERSION = 1;
				DEVELOPMENT_ASSET_PATHS = "\"Swift UI Challenge/Preview Content\"";
				DEVELOPMENT_TEAM = 994DSXFYT6;
				ENABLE_PREVIEWS = YES;
				GENERATE_INFOPLIST_FILE = YES;
				INFOPLIST_KEY_UIApplicationSceneManifest_Generation = YES;
				INFOPLIST_KEY_UIApplicationSupportsIndirectInputEvents = YES;
				INFOPLIST_KEY_UILaunchScreen_Generation = YES;
				INFOPLIST_KEY_UISupportedInterfaceOrientations_iPad = "UIInterfaceOrientationPortrait UIInterfaceOrientationPortraitUpsideDown UIInterfaceOrientationLandscapeLeft UIInterfaceOrientationLandscapeRight";
				INFOPLIST_KEY_UISupportedInterfaceOrientations_iPhone = "UIInterfaceOrientationPortrait UIInterfaceOrientationLandscapeLeft UIInterfaceOrientationLandscapeRight";
				LD_RUNPATH_SEARCH_PATHS = (
					"$(inherited)",
					"@executable_path/Frameworks",
				);
				MARKETING_VERSION = 1.0;
				PRODUCT_BUNDLE_IDENTIFIER = "com.hello-speak-buddy.Swift-UI-Challenge";
				PRODUCT_NAME = "$(TARGET_NAME)";
				SWIFT_EMIT_LOC_STRINGS = YES;
				SWIFT_VERSION = 5.0;
				TARGETED_DEVICE_FAMILY = "1,2";
			};
			name = Release;
		};
		5918C86C2B36FAFB00A7748E /* Debug */ = {
			isa = XCBuildConfiguration;
			buildSettings = {
				ALWAYS_EMBED_SWIFT_STANDARD_LIBRARIES = YES;
				BUNDLE_LOADER = "$(TEST_HOST)";
				CODE_SIGN_STYLE = Automatic;
				CURRENT_PROJECT_VERSION = 1;
				DEVELOPMENT_TEAM = 994DSXFYT6;
				GENERATE_INFOPLIST_FILE = YES;
				IPHONEOS_DEPLOYMENT_TARGET = 17.0;
				MARKETING_VERSION = 1.0;
				PRODUCT_BUNDLE_IDENTIFIER = "com.hello-speak-buddy.Swift-UI-ChallengeTests";
				PRODUCT_NAME = "$(TARGET_NAME)";
				SWIFT_EMIT_LOC_STRINGS = NO;
				SWIFT_VERSION = 5.0;
				TARGETED_DEVICE_FAMILY = "1,2";
				TEST_HOST = "$(BUILT_PRODUCTS_DIR)/Swift UI Challenge.app/$(BUNDLE_EXECUTABLE_FOLDER_PATH)/Swift UI Challenge";
			};
			name = Debug;
		};
		5918C86D2B36FAFB00A7748E /* Release */ = {
			isa = XCBuildConfiguration;
			buildSettings = {
				ALWAYS_EMBED_SWIFT_STANDARD_LIBRARIES = YES;
				BUNDLE_LOADER = "$(TEST_HOST)";
				CODE_SIGN_STYLE = Automatic;
				CURRENT_PROJECT_VERSION = 1;
				DEVELOPMENT_TEAM = 994DSXFYT6;
				GENERATE_INFOPLIST_FILE = YES;
				IPHONEOS_DEPLOYMENT_TARGET = 17.0;
				MARKETING_VERSION = 1.0;
				PRODUCT_BUNDLE_IDENTIFIER = "com.hello-speak-buddy.Swift-UI-ChallengeTests";
				PRODUCT_NAME = "$(TARGET_NAME)";
				SWIFT_EMIT_LOC_STRINGS = NO;
				SWIFT_VERSION = 5.0;
				TARGETED_DEVICE_FAMILY = "1,2";
				TEST_HOST = "$(BUILT_PRODUCTS_DIR)/Swift UI Challenge.app/$(BUNDLE_EXECUTABLE_FOLDER_PATH)/Swift UI Challenge";
			};
			name = Release;
		};
		5918C86F2B36FAFB00A7748E /* Debug */ = {
			isa = XCBuildConfiguration;
			buildSettings = {
				ALWAYS_EMBED_SWIFT_STANDARD_LIBRARIES = YES;
				CODE_SIGN_STYLE = Automatic;
				CURRENT_PROJECT_VERSION = 1;
				DEVELOPMENT_TEAM = 994DSXFYT6;
				GENERATE_INFOPLIST_FILE = YES;
				MARKETING_VERSION = 1.0;
				PRODUCT_BUNDLE_IDENTIFIER = "com.hello-speak-buddy.Swift-UI-ChallengeUITests";
				PRODUCT_NAME = "$(TARGET_NAME)";
				SWIFT_EMIT_LOC_STRINGS = NO;
				SWIFT_VERSION = 5.0;
				TARGETED_DEVICE_FAMILY = "1,2";
				TEST_TARGET_NAME = "Swift UI Challenge";
			};
			name = Debug;
		};
		5918C8702B36FAFB00A7748E /* Release */ = {
			isa = XCBuildConfiguration;
			buildSettings = {
				ALWAYS_EMBED_SWIFT_STANDARD_LIBRARIES = YES;
				CODE_SIGN_STYLE = Automatic;
				CURRENT_PROJECT_VERSION = 1;
				DEVELOPMENT_TEAM = 994DSXFYT6;
				GENERATE_INFOPLIST_FILE = YES;
				MARKETING_VERSION = 1.0;
				PRODUCT_BUNDLE_IDENTIFIER = "com.hello-speak-buddy.Swift-UI-ChallengeUITests";
				PRODUCT_NAME = "$(TARGET_NAME)";
				SWIFT_EMIT_LOC_STRINGS = NO;
				SWIFT_VERSION = 5.0;
				TARGETED_DEVICE_FAMILY = "1,2";
				TEST_TARGET_NAME = "Swift UI Challenge";
			};
			name = Release;
		};
/* End XCBuildConfiguration section */

/* Begin XCConfigurationList section */
		5918C83F2B36FAF900A7748E /* Build configuration list for PBXProject "Swift UI Challenge" */ = {
			isa = XCConfigurationList;
			buildConfigurations = (
				5918C8662B36FAFB00A7748E /* Debug */,
				5918C8672B36FAFB00A7748E /* Release */,
			);
			defaultConfigurationIsVisible = 0;
			defaultConfigurationName = Release;
		};
		5918C8682B36FAFB00A7748E /* Build configuration list for PBXNativeTarget "Swift UI Challenge" */ = {
			isa = XCConfigurationList;
			buildConfigurations = (
				5918C8692B36FAFB00A7748E /* Debug */,
				5918C86A2B36FAFB00A7748E /* Release */,
			);
			defaultConfigurationIsVisible = 0;
			defaultConfigurationName = Release;
		};
		5918C86B2B36FAFB00A7748E /* Build configuration list for PBXNativeTarget "Swift UI ChallengeTests" */ = {
			isa = XCConfigurationList;
			buildConfigurations = (
				5918C86C2B36FAFB00A7748E /* Debug */,
				5918C86D2B36FAFB00A7748E /* Release */,
			);
			defaultConfigurationIsVisible = 0;
			defaultConfigurationName = Release;
		};
		5918C86E2B36FAFB00A7748E /* Build configuration list for PBXNativeTarget "Swift UI ChallengeUITests" */ = {
			isa = XCConfigurationList;
			buildConfigurations = (
				5918C86F2B36FAFB00A7748E /* Debug */,
				5918C8702B36FAFB00A7748E /* Release */,
			);
			defaultConfigurationIsVisible = 0;
			defaultConfigurationName = Release;
		};
/* End XCConfigurationList section */
	};
	rootObject = 5918C83C2B36FAF900A7748E /* Project object */;
}
